
Microsoft Visual Studio Solution File, Format Version 12.00
# Visual Studio Version 17
VisualStudioVersion = 17.0.31903.59
MinimumVisualStudioVersion = 10.0.40219.1
Project("{2150E333-8FDC-42A3-9474-1A3956D46DE8}") = "src", "src", "{827E0CD3-B72D-47B6-A68D-7590B98EB39B}"
EndProject
Project("{FAE04EC0-301F-11D3-BF4B-00C04F79EFBC}") = "AoTEngine", "src\AoTEngine\AoTEngine.csproj", "{A72A7818-E38D-4161-B275-5097BAB2873A}"
EndProject
Project("{2150E333-8FDC-42A3-9474-1A3956D46DE8}") = "tests", "tests", "{0AB3BF05-4346-4AA6-1389-037BE0695223}"
EndProject
Project("{FAE04EC0-301F-11D3-BF4B-00C04F79EFBC}") = "AoTEngine.Tests", "tests\AoTEngine.Tests\AoTEngine.Tests.csproj", "{597BCFCC-9E80-42B9-8F37-CA5E1EDCA11A}"
EndProject
Project("{FAE04EC0-301F-11D3-BF4B-00C04F79EFBC}") = "AoTEngine.Models", "src\AoTEngine.Models\AoTEngine.Models.csproj", "{6885811C-CF58-4092-BF80-88CC0D7AAD18}"
EndProject
Project("{FAE04EC0-301F-11D3-BF4B-00C04F79EFBC}") = "AoTEngine.Services.AI", "src\AoTEngine.Services.AI\AoTEngine.Services.AI.csproj", "{E782C7DF-8502-46DC-BB3D-1197A29756FD}"
EndProject
Project("{FAE04EC0-301F-11D3-BF4B-00C04F79EFBC}") = "AoTEngine.Services.Compilation", "src\AoTEngine.Services.Compilation\AoTEngine.Services.Compilation.csproj", "{4459872F-0BE6-434B-99C5-2E57650E3B5D}"
EndProject
Project("{FAE04EC0-301F-11D3-BF4B-00C04F79EFBC}") = "AoTEngine.Services.Contracts", "src\AoTEngine.Services.Contracts\AoTEngine.Services.Contracts.csproj", "{EF4B2D9F-71FC-4FCE-88C9-DBCCCB11DD13}"
EndProject
Project("{FAE04EC0-301F-11D3-BF4B-00C04F79EFBC}") = "AoTEngine.Services.Documentation", "src\AoTEngine.Services.Documentation\AoTEngine.Services.Documentation.csproj", "{1C6380B4-4795-42C1-9715-5B29464DAB7C}"
EndProject
Project("{FAE04EC0-301F-11D3-BF4B-00C04F79EFBC}") = "AoTEngine.Services.Integration", "src\AoTEngine.Services.Integration\AoTEngine.Services.Integration.csproj", "{6224432A-FE4C-43E3-A187-998A3640A1C6}"
EndProject
Project("{FAE04EC0-301F-11D3-BF4B-00C04F79EFBC}") = "AoTEngine.Services.Validation", "src\AoTEngine.Services.Validation\AoTEngine.Services.Validation.csproj", "{CD5EDB7F-69C1-4321-A50B-EB1C66AC5746}"
EndProject
Project("{FAE04EC0-301F-11D3-BF4B-00C04F79EFBC}") = "AoTEngine.Core", "src\AoTEngine.Core\AoTEngine.Core.csproj", "{D2C85942-C80F-4381-940E-D11EE83527BC}"
EndProject
Project("{FAE04EC0-301F-11D3-BF4B-00C04F79EFBC}") = "AoTEngine.Workflow", "src\AoTEngine.Workflow\AoTEngine.Workflow.csproj", "{EA5D0A5A-1888-4606-84C0-87FA1BE6028E}"
EndProject
Global
	GlobalSection(SolutionConfigurationPlatforms) = preSolution
		Debug|Any CPU = Debug|Any CPU
		Debug|x64 = Debug|x64
		Debug|x86 = Debug|x86
		Release|Any CPU = Release|Any CPU
		Release|x64 = Release|x64
		Release|x86 = Release|x86
	EndGlobalSection
	GlobalSection(ProjectConfigurationPlatforms) = postSolution
		{A72A7818-E38D-4161-B275-5097BAB2873A}.Debug|Any CPU.ActiveCfg = Debug|Any CPU
		{A72A7818-E38D-4161-B275-5097BAB2873A}.Debug|Any CPU.Build.0 = Debug|Any CPU
		{A72A7818-E38D-4161-B275-5097BAB2873A}.Debug|x64.ActiveCfg = Debug|Any CPU
		{A72A7818-E38D-4161-B275-5097BAB2873A}.Debug|x64.Build.0 = Debug|Any CPU
		{A72A7818-E38D-4161-B275-5097BAB2873A}.Debug|x86.ActiveCfg = Debug|Any CPU
		{A72A7818-E38D-4161-B275-5097BAB2873A}.Debug|x86.Build.0 = Debug|Any CPU
		{A72A7818-E38D-4161-B275-5097BAB2873A}.Release|Any CPU.ActiveCfg = Release|Any CPU
		{A72A7818-E38D-4161-B275-5097BAB2873A}.Release|Any CPU.Build.0 = Release|Any CPU
		{A72A7818-E38D-4161-B275-5097BAB2873A}.Release|x64.ActiveCfg = Release|Any CPU
		{A72A7818-E38D-4161-B275-5097BAB2873A}.Release|x64.Build.0 = Release|Any CPU
		{A72A7818-E38D-4161-B275-5097BAB2873A}.Release|x86.ActiveCfg = Release|Any CPU
		{A72A7818-E38D-4161-B275-5097BAB2873A}.Release|x86.Build.0 = Release|Any CPU
		{597BCFCC-9E80-42B9-8F37-CA5E1EDCA11A}.Debug|Any CPU.ActiveCfg = Debug|Any CPU
		{597BCFCC-9E80-42B9-8F37-CA5E1EDCA11A}.Debug|Any CPU.Build.0 = Debug|Any CPU
		{597BCFCC-9E80-42B9-8F37-CA5E1EDCA11A}.Debug|x64.ActiveCfg = Debug|Any CPU
		{597BCFCC-9E80-42B9-8F37-CA5E1EDCA11A}.Debug|x64.Build.0 = Debug|Any CPU
		{597BCFCC-9E80-42B9-8F37-CA5E1EDCA11A}.Debug|x86.ActiveCfg = Debug|Any CPU
		{597BCFCC-9E80-42B9-8F37-CA5E1EDCA11A}.Debug|x86.Build.0 = Debug|Any CPU
		{597BCFCC-9E80-42B9-8F37-CA5E1EDCA11A}.Release|Any CPU.ActiveCfg = Release|Any CPU
		{597BCFCC-9E80-42B9-8F37-CA5E1EDCA11A}.Release|Any CPU.Build.0 = Release|Any CPU
		{597BCFCC-9E80-42B9-8F37-CA5E1EDCA11A}.Release|x64.ActiveCfg = Release|Any CPU
		{597BCFCC-9E80-42B9-8F37-CA5E1EDCA11A}.Release|x64.Build.0 = Release|Any CPU
		{597BCFCC-9E80-42B9-8F37-CA5E1EDCA11A}.Release|x86.ActiveCfg = Release|Any CPU
		{597BCFCC-9E80-42B9-8F37-CA5E1EDCA11A}.Release|x86.Build.0 = Release|Any CPU
		{6885811C-CF58-4092-BF80-88CC0D7AAD18}.Debug|Any CPU.ActiveCfg = Debug|Any CPU
		{6885811C-CF58-4092-BF80-88CC0D7AAD18}.Debug|Any CPU.Build.0 = Debug|Any CPU
		{6885811C-CF58-4092-BF80-88CC0D7AAD18}.Debug|x64.ActiveCfg = Debug|Any CPU
		{6885811C-CF58-4092-BF80-88CC0D7AAD18}.Debug|x64.Build.0 = Debug|Any CPU
		{6885811C-CF58-4092-BF80-88CC0D7AAD18}.Debug|x86.ActiveCfg = Debug|Any CPU
		{6885811C-CF58-4092-BF80-88CC0D7AAD18}.Debug|x86.Build.0 = Debug|Any CPU
		{6885811C-CF58-4092-BF80-88CC0D7AAD18}.Release|Any CPU.ActiveCfg = Release|Any CPU
		{6885811C-CF58-4092-BF80-88CC0D7AAD18}.Release|Any CPU.Build.0 = Release|Any CPU
		{6885811C-CF58-4092-BF80-88CC0D7AAD18}.Release|x64.ActiveCfg = Release|Any CPU
		{6885811C-CF58-4092-BF80-88CC0D7AAD18}.Release|x64.Build.0 = Release|Any CPU
		{6885811C-CF58-4092-BF80-88CC0D7AAD18}.Release|x86.ActiveCfg = Release|Any CPU
		{6885811C-CF58-4092-BF80-88CC0D7AAD18}.Release|x86.Build.0 = Release|Any CPU
		{E782C7DF-8502-46DC-BB3D-1197A29756FD}.Debug|Any CPU.ActiveCfg = Debug|Any CPU
		{E782C7DF-8502-46DC-BB3D-1197A29756FD}.Debug|Any CPU.Build.0 = Debug|Any CPU
		{E782C7DF-8502-46DC-BB3D-1197A29756FD}.Debug|x64.ActiveCfg = Debug|Any CPU
		{E782C7DF-8502-46DC-BB3D-1197A29756FD}.Debug|x64.Build.0 = Debug|Any CPU
		{E782C7DF-8502-46DC-BB3D-1197A29756FD}.Debug|x86.ActiveCfg = Debug|Any CPU
		{E782C7DF-8502-46DC-BB3D-1197A29756FD}.Debug|x86.Build.0 = Debug|Any CPU
		{E782C7DF-8502-46DC-BB3D-1197A29756FD}.Release|Any CPU.ActiveCfg = Release|Any CPU
		{E782C7DF-8502-46DC-BB3D-1197A29756FD}.Release|Any CPU.Build.0 = Release|Any CPU
		{E782C7DF-8502-46DC-BB3D-1197A29756FD}.Release|x64.ActiveCfg = Release|Any CPU
		{E782C7DF-8502-46DC-BB3D-1197A29756FD}.Release|x64.Build.0 = Release|Any CPU
		{E782C7DF-8502-46DC-BB3D-1197A29756FD}.Release|x86.ActiveCfg = Release|Any CPU
		{E782C7DF-8502-46DC-BB3D-1197A29756FD}.Release|x86.Build.0 = Release|Any CPU
		{4459872F-0BE6-434B-99C5-2E57650E3B5D}.Debug|Any CPU.ActiveCfg = Debug|Any CPU
		{4459872F-0BE6-434B-99C5-2E57650E3B5D}.Debug|Any CPU.Build.0 = Debug|Any CPU
		{4459872F-0BE6-434B-99C5-2E57650E3B5D}.Debug|x64.ActiveCfg = Debug|Any CPU
		{4459872F-0BE6-434B-99C5-2E57650E3B5D}.Debug|x64.Build.0 = Debug|Any CPU
		{4459872F-0BE6-434B-99C5-2E57650E3B5D}.Debug|x86.ActiveCfg = Debug|Any CPU
		{4459872F-0BE6-434B-99C5-2E57650E3B5D}.Debug|x86.Build.0 = Debug|Any CPU
		{4459872F-0BE6-434B-99C5-2E57650E3B5D}.Release|Any CPU.ActiveCfg = Release|Any CPU
		{4459872F-0BE6-434B-99C5-2E57650E3B5D}.Release|Any CPU.Build.0 = Release|Any CPU
		{4459872F-0BE6-434B-99C5-2E57650E3B5D}.Release|x64.ActiveCfg = Release|Any CPU
		{4459872F-0BE6-434B-99C5-2E57650E3B5D}.Release|x64.Build.0 = Release|Any CPU
		{4459872F-0BE6-434B-99C5-2E57650E3B5D}.Release|x86.ActiveCfg = Release|Any CPU
		{4459872F-0BE6-434B-99C5-2E57650E3B5D}.Release|x86.Build.0 = Release|Any CPU
		{EF4B2D9F-71FC-4FCE-88C9-DBCCCB11DD13}.Debug|Any CPU.ActiveCfg = Debug|Any CPU
		{EF4B2D9F-71FC-4FCE-88C9-DBCCCB11DD13}.Debug|Any CPU.Build.0 = Debug|Any CPU
		{EF4B2D9F-71FC-4FCE-88C9-DBCCCB11DD13}.Debug|x64.ActiveCfg = Debug|Any CPU
		{EF4B2D9F-71FC-4FCE-88C9-DBCCCB11DD13}.Debug|x64.Build.0 = Debug|Any CPU
		{EF4B2D9F-71FC-4FCE-88C9-DBCCCB11DD13}.Debug|x86.ActiveCfg = Debug|Any CPU
		{EF4B2D9F-71FC-4FCE-88C9-DBCCCB11DD13}.Debug|x86.Build.0 = Debug|Any CPU
		{EF4B2D9F-71FC-4FCE-88C9-DBCCCB11DD13}.Release|Any CPU.ActiveCfg = Release|Any CPU
		{EF4B2D9F-71FC-4FCE-88C9-DBCCCB11DD13}.Release|Any CPU.Build.0 = Release|Any CPU
		{EF4B2D9F-71FC-4FCE-88C9-DBCCCB11DD13}.Release|x64.ActiveCfg = Release|Any CPU
		{EF4B2D9F-71FC-4FCE-88C9-DBCCCB11DD13}.Release|x64.Build.0 = Release|Any CPU
		{EF4B2D9F-71FC-4FCE-88C9-DBCCCB11DD13}.Release|x86.ActiveCfg = Release|Any CPU
		{EF4B2D9F-71FC-4FCE-88C9-DBCCCB11DD13}.Release|x86.Build.0 = Release|Any CPU
		{1C6380B4-4795-42C1-9715-5B29464DAB7C}.Debug|Any CPU.ActiveCfg = Debug|Any CPU
		{1C6380B4-4795-42C1-9715-5B29464DAB7C}.Debug|Any CPU.Build.0 = Debug|Any CPU
		{1C6380B4-4795-42C1-9715-5B29464DAB7C}.Debug|x64.ActiveCfg = Debug|Any CPU
		{1C6380B4-4795-42C1-9715-5B29464DAB7C}.Debug|x64.Build.0 = Debug|Any CPU
		{1C6380B4-4795-42C1-9715-5B29464DAB7C}.Debug|x86.ActiveCfg = Debug|Any CPU
		{1C6380B4-4795-42C1-9715-5B29464DAB7C}.Debug|x86.Build.0 = Debug|Any CPU
		{1C6380B4-4795-42C1-9715-5B29464DAB7C}.Release|Any CPU.ActiveCfg = Release|Any CPU
		{1C6380B4-4795-42C1-9715-5B29464DAB7C}.Release|Any CPU.Build.0 = Release|Any CPU
		{1C6380B4-4795-42C1-9715-5B29464DAB7C}.Release|x64.ActiveCfg = Release|Any CPU
		{1C6380B4-4795-42C1-9715-5B29464DAB7C}.Release|x64.Build.0 = Release|Any CPU
		{1C6380B4-4795-42C1-9715-5B29464DAB7C}.Release|x86.ActiveCfg = Release|Any CPU
		{1C6380B4-4795-42C1-9715-5B29464DAB7C}.Release|x86.Build.0 = Release|Any CPU
		{6224432A-FE4C-43E3-A187-998A3640A1C6}.Debug|Any CPU.ActiveCfg = Debug|Any CPU
		{6224432A-FE4C-43E3-A187-998A3640A1C6}.Debug|Any CPU.Build.0 = Debug|Any CPU
		{6224432A-FE4C-43E3-A187-998A3640A1C6}.Debug|x64.ActiveCfg = Debug|Any CPU
		{6224432A-FE4C-43E3-A187-998A3640A1C6}.Debug|x64.Build.0 = Debug|Any CPU
		{6224432A-FE4C-43E3-A187-998A3640A1C6}.Debug|x86.ActiveCfg = Debug|Any CPU
		{6224432A-FE4C-43E3-A187-998A3640A1C6}.Debug|x86.Build.0 = Debug|Any CPU
		{6224432A-FE4C-43E3-A187-998A3640A1C6}.Release|Any CPU.ActiveCfg = Release|Any CPU
		{6224432A-FE4C-43E3-A187-998A3640A1C6}.Release|Any CPU.Build.0 = Release|Any CPU
		{6224432A-FE4C-43E3-A187-998A3640A1C6}.Release|x64.ActiveCfg = Release|Any CPU
		{6224432A-FE4C-43E3-A187-998A3640A1C6}.Release|x64.Build.0 = Release|Any CPU
		{6224432A-FE4C-43E3-A187-998A3640A1C6}.Release|x86.ActiveCfg = Release|Any CPU
		{6224432A-FE4C-43E3-A187-998A3640A1C6}.Release|x86.Build.0 = Release|Any CPU
		{CD5EDB7F-69C1-4321-A50B-EB1C66AC5746}.Debug|Any CPU.ActiveCfg = Debug|Any CPU
		{CD5EDB7F-69C1-4321-A50B-EB1C66AC5746}.Debug|Any CPU.Build.0 = Debug|Any CPU
		{CD5EDB7F-69C1-4321-A50B-EB1C66AC5746}.Debug|x64.ActiveCfg = Debug|Any CPU
		{CD5EDB7F-69C1-4321-A50B-EB1C66AC5746}.Debug|x64.Build.0 = Debug|Any CPU
		{CD5EDB7F-69C1-4321-A50B-EB1C66AC5746}.Debug|x86.ActiveCfg = Debug|Any CPU
		{CD5EDB7F-69C1-4321-A50B-EB1C66AC5746}.Debug|x86.Build.0 = Debug|Any CPU
		{CD5EDB7F-69C1-4321-A50B-EB1C66AC5746}.Release|Any CPU.ActiveCfg = Release|Any CPU
		{CD5EDB7F-69C1-4321-A50B-EB1C66AC5746}.Release|Any CPU.Build.0 = Release|Any CPU
		{CD5EDB7F-69C1-4321-A50B-EB1C66AC5746}.Release|x64.ActiveCfg = Release|Any CPU
		{CD5EDB7F-69C1-4321-A50B-EB1C66AC5746}.Release|x64.Build.0 = Release|Any CPU
		{CD5EDB7F-69C1-4321-A50B-EB1C66AC5746}.Release|x86.ActiveCfg = Release|Any CPU
		{CD5EDB7F-69C1-4321-A50B-EB1C66AC5746}.Release|x86.Build.0 = Release|Any CPU
		{D2C85942-C80F-4381-940E-D11EE83527BC}.Debug|Any CPU.ActiveCfg = Debug|Any CPU
		{D2C85942-C80F-4381-940E-D11EE83527BC}.Debug|Any CPU.Build.0 = Debug|Any CPU
		{D2C85942-C80F-4381-940E-D11EE83527BC}.Debug|x64.ActiveCfg = Debug|Any CPU
		{D2C85942-C80F-4381-940E-D11EE83527BC}.Debug|x64.Build.0 = Debug|Any CPU
		{D2C85942-C80F-4381-940E-D11EE83527BC}.Debug|x86.ActiveCfg = Debug|Any CPU
		{D2C85942-C80F-4381-940E-D11EE83527BC}.Debug|x86.Build.0 = Debug|Any CPU
		{D2C85942-C80F-4381-940E-D11EE83527BC}.Release|Any CPU.ActiveCfg = Release|Any CPU
		{D2C85942-C80F-4381-940E-D11EE83527BC}.Release|Any CPU.Build.0 = Release|Any CPU
		{D2C85942-C80F-4381-940E-D11EE83527BC}.Release|x64.ActiveCfg = Release|Any CPU
		{D2C85942-C80F-4381-940E-D11EE83527BC}.Release|x64.Build.0 = Release|Any CPU
		{D2C85942-C80F-4381-940E-D11EE83527BC}.Release|x86.ActiveCfg = Release|Any CPU
		{D2C85942-C80F-4381-940E-D11EE83527BC}.Release|x86.Build.0 = Release|Any CPU
		{EA5D0A5A-1888-4606-84C0-87FA1BE6028E}.Debug|Any CPU.ActiveCfg = Debug|Any CPU
		{EA5D0A5A-1888-4606-84C0-87FA1BE6028E}.Debug|Any CPU.Build.0 = Debug|Any CPU
		{EA5D0A5A-1888-4606-84C0-87FA1BE6028E}.Debug|x64.ActiveCfg = Debug|Any CPU
		{EA5D0A5A-1888-4606-84C0-87FA1BE6028E}.Debug|x64.Build.0 = Debug|Any CPU
		{EA5D0A5A-1888-4606-84C0-87FA1BE6028E}.Debug|x86.ActiveCfg = Debug|Any CPU
		{EA5D0A5A-1888-4606-84C0-87FA1BE6028E}.Debug|x86.Build.0 = Debug|Any CPU
		{EA5D0A5A-1888-4606-84C0-87FA1BE6028E}.Release|Any CPU.ActiveCfg = Release|Any CPU
		{EA5D0A5A-1888-4606-84C0-87FA1BE6028E}.Release|Any CPU.Build.0 = Release|Any CPU
		{EA5D0A5A-1888-4606-84C0-87FA1BE6028E}.Release|x64.ActiveCfg = Release|Any CPU
		{EA5D0A5A-1888-4606-84C0-87FA1BE6028E}.Release|x64.Build.0 = Release|Any CPU
		{EA5D0A5A-1888-4606-84C0-87FA1BE6028E}.Release|x86.ActiveCfg = Release|Any CPU
		{EA5D0A5A-1888-4606-84C0-87FA1BE6028E}.Release|x86.Build.0 = Release|Any CPU
	EndGlobalSection
	GlobalSection(SolutionProperties) = preSolution
		HideSolutionNode = FALSE
	EndGlobalSection
	GlobalSection(NestedProjects) = preSolution
		{A72A7818-E38D-4161-B275-5097BAB2873A} = {827E0CD3-B72D-47B6-A68D-7590B98EB39B}
		{597BCFCC-9E80-42B9-8F37-CA5E1EDCA11A} = {0AB3BF05-4346-4AA6-1389-037BE0695223}
		{6885811C-CF58-4092-BF80-88CC0D7AAD18} = {827E0CD3-B72D-47B6-A68D-7590B98EB39B}
		{E782C7DF-8502-46DC-BB3D-1197A29756FD} = {827E0CD3-B72D-47B6-A68D-7590B98EB39B}
		{4459872F-0BE6-434B-99C5-2E57650E3B5D} = {827E0CD3-B72D-47B6-A68D-7590B98EB39B}
		{EF4B2D9F-71FC-4FCE-88C9-DBCCCB11DD13} = {827E0CD3-B72D-47B6-A68D-7590B98EB39B}
		{1C6380B4-4795-42C1-9715-5B29464DAB7C} = {827E0CD3-B72D-47B6-A68D-7590B98EB39B}
		{6224432A-FE4C-43E3-A187-998A3640A1C6} = {827E0CD3-B72D-47B6-A68D-7590B98EB39B}
		{CD5EDB7F-69C1-4321-A50B-EB1C66AC5746} = {827E0CD3-B72D-47B6-A68D-7590B98EB39B}
		{D2C85942-C80F-4381-940E-D11EE83527BC} = {827E0CD3-B72D-47B6-A68D-7590B98EB39B}
		{EA5D0A5A-1888-4606-84C0-87FA1BE6028E} = {827E0CD3-B72D-47B6-A68D-7590B98EB39B}
	EndGlobalSection
EndGlobal
